// !$*UTF8*$!
{
	archiveVersion = 1;
	classes = {
	};
	objectVersion = 50;
	objects = {

/* Begin PBXBuildFile section */
		C522A86025FC55BB0006F567 /* AppDelegate.swift in Sources */ = {isa = PBXBuildFile; fileRef = C522A85F25FC55BB0006F567 /* AppDelegate.swift */; };
		C522A86225FC55BB0006F567 /* SceneDelegate.swift in Sources */ = {isa = PBXBuildFile; fileRef = C522A86125FC55BB0006F567 /* SceneDelegate.swift */; };
		C522A86725FC55BB0006F567 /* Main.storyboard in Resources */ = {isa = PBXBuildFile; fileRef = C522A86525FC55BB0006F567 /* Main.storyboard */; };
		C522A86925FC55BC0006F567 /* Assets.xcassets in Resources */ = {isa = PBXBuildFile; fileRef = C522A86825FC55BC0006F567 /* Assets.xcassets */; };
		C522A86C25FC55BC0006F567 /* LaunchScreen.storyboard in Resources */ = {isa = PBXBuildFile; fileRef = C522A86A25FC55BC0006F567 /* LaunchScreen.storyboard */; };
		C522A87725FC55BC0006F567 /* ColorsTests.swift in Sources */ = {isa = PBXBuildFile; fileRef = C522A87625FC55BC0006F567 /* ColorsTests.swift */; };
		C522A88225FC55BC0006F567 /* ColorsUITests.swift in Sources */ = {isa = PBXBuildFile; fileRef = C522A88125FC55BC0006F567 /* ColorsUITests.swift */; };
		C522A89625FC56910006F567 /* ColorsViewController.swift in Sources */ = {isa = PBXBuildFile; fileRef = C522A89525FC56910006F567 /* ColorsViewController.swift */; };
		C522A89B25FC5E8E0006F567 /* Color.swift in Sources */ = {isa = PBXBuildFile; fileRef = C522A89A25FC5E8E0006F567 /* Color.swift */; };
/* End PBXBuildFile section */

/* Begin PBXContainerItemProxy section */
		C522A87325FC55BC0006F567 /* PBXContainerItemProxy */ = {
			isa = PBXContainerItemProxy;
			containerPortal = C522A85425FC55BB0006F567 /* Project object */;
			proxyType = 1;
			remoteGlobalIDString = C522A85B25FC55BB0006F567;
			remoteInfo = Colors;
		};
		C522A87E25FC55BC0006F567 /* PBXContainerItemProxy */ = {
			isa = PBXContainerItemProxy;
			containerPortal = C522A85425FC55BB0006F567 /* Project object */;
			proxyType = 1;
			remoteGlobalIDString = C522A85B25FC55BB0006F567;
			remoteInfo = Colors;
		};
/* End PBXContainerItemProxy section */

/* Begin PBXFileReference section */
		C522A85C25FC55BB0006F567 /* Colors.app */ = {isa = PBXFileReference; explicitFileType = wrapper.application; includeInIndex = 0; path = Colors.app; sourceTree = BUILT_PRODUCTS_DIR; };
		C522A85F25FC55BB0006F567 /* AppDelegate.swift */ = {isa = PBXFileReference; lastKnownFileType = sourcecode.swift; path = AppDelegate.swift; sourceTree = "<group>"; };
		C522A86125FC55BB0006F567 /* SceneDelegate.swift */ = {isa = PBXFileReference; lastKnownFileType = sourcecode.swift; path = SceneDelegate.swift; sourceTree = "<group>"; };
		C522A86625FC55BB0006F567 /* Base */ = {isa = PBXFileReference; lastKnownFileType = file.storyboard; name = Base; path = Base.lproj/Main.storyboard; sourceTree = "<group>"; };
		C522A86825FC55BC0006F567 /* Assets.xcassets */ = {isa = PBXFileReference; lastKnownFileType = folder.assetcatalog; path = Assets.xcassets; sourceTree = "<group>"; };
		C522A86B25FC55BC0006F567 /* Base */ = {isa = PBXFileReference; lastKnownFileType = file.storyboard; name = Base; path = Base.lproj/LaunchScreen.storyboard; sourceTree = "<group>"; };
		C522A86D25FC55BC0006F567 /* Info.plist */ = {isa = PBXFileReference; lastKnownFileType = text.plist.xml; path = Info.plist; sourceTree = "<group>"; };
		C522A87225FC55BC0006F567 /* ColorsTests.xctest */ = {isa = PBXFileReference; explicitFileType = wrapper.cfbundle; includeInIndex = 0; path = ColorsTests.xctest; sourceTree = BUILT_PRODUCTS_DIR; };
		C522A87625FC55BC0006F567 /* ColorsTests.swift */ = {isa = PBXFileReference; lastKnownFileType = sourcecode.swift; path = ColorsTests.swift; sourceTree = "<group>"; };
		C522A87825FC55BC0006F567 /* Info.plist */ = {isa = PBXFileReference; lastKnownFileType = text.plist.xml; path = Info.plist; sourceTree = "<group>"; };
		C522A87D25FC55BC0006F567 /* ColorsUITests.xctest */ = {isa = PBXFileReference; explicitFileType = wrapper.cfbundle; includeInIndex = 0; path = ColorsUITests.xctest; sourceTree = BUILT_PRODUCTS_DIR; };
		C522A88125FC55BC0006F567 /* ColorsUITests.swift */ = {isa = PBXFileReference; lastKnownFileType = sourcecode.swift; path = ColorsUITests.swift; sourceTree = "<group>"; };
		C522A88325FC55BC0006F567 /* Info.plist */ = {isa = PBXFileReference; lastKnownFileType = text.plist.xml; path = Info.plist; sourceTree = "<group>"; };
		C522A89525FC56910006F567 /* ColorsViewController.swift */ = {isa = PBXFileReference; lastKnownFileType = sourcecode.swift; path = ColorsViewController.swift; sourceTree = "<group>"; };
		C522A89A25FC5E8E0006F567 /* Color.swift */ = {isa = PBXFileReference; lastKnownFileType = sourcecode.swift; path = Color.swift; sourceTree = "<group>"; };
/* End PBXFileReference section */

/* Begin PBXFrameworksBuildPhase section */
		C522A85925FC55BB0006F567 /* Frameworks */ = {
			isa = PBXFrameworksBuildPhase;
			buildActionMask = 2147483647;
			files = (
			);
			runOnlyForDeploymentPostprocessing = 0;
		};
		C522A86F25FC55BC0006F567 /* Frameworks */ = {
			isa = PBXFrameworksBuildPhase;
			buildActionMask = 2147483647;
			files = (
			);
			runOnlyForDeploymentPostprocessing = 0;
		};
		C522A87A25FC55BC0006F567 /* Frameworks */ = {
			isa = PBXFrameworksBuildPhase;
			buildActionMask = 2147483647;
			files = (
			);
			runOnlyForDeploymentPostprocessing = 0;
		};
/* End PBXFrameworksBuildPhase section */

/* Begin PBXGroup section */
		C522A85325FC55BB0006F567 = {
			isa = PBXGroup;
			children = (
				C522A85E25FC55BB0006F567 /* Colors */,
				C522A87525FC55BC0006F567 /* ColorsTests */,
				C522A88025FC55BC0006F567 /* ColorsUITests */,
				C522A85D25FC55BB0006F567 /* Products */,
			);
			sourceTree = "<group>";
		};
		C522A85D25FC55BB0006F567 /* Products */ = {
			isa = PBXGroup;
			children = (
				C522A85C25FC55BB0006F567 /* Colors.app */,
				C522A87225FC55BC0006F567 /* ColorsTests.xctest */,
				C522A87D25FC55BC0006F567 /* ColorsUITests.xctest */,
			);
			name = Products;
			sourceTree = "<group>";
		};
		C522A85E25FC55BB0006F567 /* Colors */ = {
			isa = PBXGroup;
			children = (
				C522A85F25FC55BB0006F567 /* AppDelegate.swift */,
				C522A86125FC55BB0006F567 /* SceneDelegate.swift */,
				C522A86525FC55BB0006F567 /* Main.storyboard */,
				C522A86825FC55BC0006F567 /* Assets.xcassets */,
				C522A86A25FC55BC0006F567 /* LaunchScreen.storyboard */,
				C522A86D25FC55BC0006F567 /* Info.plist */,
				C522A89525FC56910006F567 /* ColorsViewController.swift */,
				C522A89A25FC5E8E0006F567 /* Color.swift */,
			);
			path = Colors;
			sourceTree = "<group>";
		};
		C522A87525FC55BC0006F567 /* ColorsTests */ = {
			isa = PBXGroup;
			children = (
				C522A87625FC55BC0006F567 /* ColorsTests.swift */,
				C522A87825FC55BC0006F567 /* Info.plist */,
			);
			path = ColorsTests;
			sourceTree = "<group>";
		};
		C522A88025FC55BC0006F567 /* ColorsUITests */ = {
			isa = PBXGroup;
			children = (
				C522A88125FC55BC0006F567 /* ColorsUITests.swift */,
				C522A88325FC55BC0006F567 /* Info.plist */,
			);
			path = ColorsUITests;
			sourceTree = "<group>";
		};
/* End PBXGroup section */

/* Begin PBXNativeTarget section */
		C522A85B25FC55BB0006F567 /* Colors */ = {
			isa = PBXNativeTarget;
			buildConfigurationList = C522A88625FC55BC0006F567 /* Build configuration list for PBXNativeTarget "Colors" */;
			buildPhases = (
				C522A85825FC55BB0006F567 /* Sources */,
				C522A85925FC55BB0006F567 /* Frameworks */,
				C522A85A25FC55BB0006F567 /* Resources */,
			);
			buildRules = (
			);
			dependencies = (
			);
			name = Colors;
			productName = Colors;
			productReference = C522A85C25FC55BB0006F567 /* Colors.app */;
			productType = "com.apple.product-type.application";
		};
		C522A87125FC55BC0006F567 /* ColorsTests */ = {
			isa = PBXNativeTarget;
			buildConfigurationList = C522A88925FC55BC0006F567 /* Build configuration list for PBXNativeTarget "ColorsTests" */;
			buildPhases = (
				C522A86E25FC55BC0006F567 /* Sources */,
				C522A86F25FC55BC0006F567 /* Frameworks */,
				C522A87025FC55BC0006F567 /* Resources */,
			);
			buildRules = (
			);
			dependencies = (
				C522A87425FC55BC0006F567 /* PBXTargetDependency */,
			);
			name = ColorsTests;
			productName = ColorsTests;
			productReference = C522A87225FC55BC0006F567 /* ColorsTests.xctest */;
			productType = "com.apple.product-type.bundle.unit-test";
		};
		C522A87C25FC55BC0006F567 /* ColorsUITests */ = {
			isa = PBXNativeTarget;
			buildConfigurationList = C522A88C25FC55BC0006F567 /* Build configuration list for PBXNativeTarget "ColorsUITests" */;
			buildPhases = (
				C522A87925FC55BC0006F567 /* Sources */,
				C522A87A25FC55BC0006F567 /* Frameworks */,
				C522A87B25FC55BC0006F567 /* Resources */,
			);
			buildRules = (
			);
			dependencies = (
				C522A87F25FC55BC0006F567 /* PBXTargetDependency */,
			);
			name = ColorsUITests;
			productName = ColorsUITests;
			productReference = C522A87D25FC55BC0006F567 /* ColorsUITests.xctest */;
			productType = "com.apple.product-type.bundle.ui-testing";
		};
/* End PBXNativeTarget section */

/* Begin PBXProject section */
		C522A85425FC55BB0006F567 /* Project object */ = {
			isa = PBXProject;
			attributes = {
				LastSwiftUpdateCheck = 1240;
				LastUpgradeCheck = 1240;
				TargetAttributes = {
					C522A85B25FC55BB0006F567 = {
						CreatedOnToolsVersion = 12.4;
					};
					C522A87125FC55BC0006F567 = {
						CreatedOnToolsVersion = 12.4;
						TestTargetID = C522A85B25FC55BB0006F567;
					};
					C522A87C25FC55BC0006F567 = {
						CreatedOnToolsVersion = 12.4;
						TestTargetID = C522A85B25FC55BB0006F567;
					};
				};
			};
			buildConfigurationList = C522A85725FC55BB0006F567 /* Build configuration list for PBXProject "Colors" */;
			compatibilityVersion = "Xcode 9.3";
			developmentRegion = en;
			hasScannedForEncodings = 0;
			knownRegions = (
				en,
				Base,
			);
			mainGroup = C522A85325FC55BB0006F567;
			productRefGroup = C522A85D25FC55BB0006F567 /* Products */;
			projectDirPath = "";
			projectRoot = "";
			targets = (
				C522A85B25FC55BB0006F567 /* Colors */,
				C522A87125FC55BC0006F567 /* ColorsTests */,
				C522A87C25FC55BC0006F567 /* ColorsUITests */,
			);
		};
/* End PBXProject section */

/* Begin PBXResourcesBuildPhase section */
		C522A85A25FC55BB0006F567 /* Resources */ = {
			isa = PBXResourcesBuildPhase;
			buildActionMask = 2147483647;
			files = (
				C522A86C25FC55BC0006F567 /* LaunchScreen.storyboard in Resources */,
				C522A86925FC55BC0006F567 /* Assets.xcassets in Resources */,
				C522A86725FC55BB0006F567 /* Main.storyboard in Resources */,
			);
			runOnlyForDeploymentPostprocessing = 0;
		};
		C522A87025FC55BC0006F567 /* Resources */ = {
			isa = PBXResourcesBuildPhase;
			buildActionMask = 2147483647;
			files = (
			);
			runOnlyForDeploymentPostprocessing = 0;
		};
		C522A87B25FC55BC0006F567 /* Resources */ = {
			isa = PBXResourcesBuildPhase;
			buildActionMask = 2147483647;
			files = (
			);
			runOnlyForDeploymentPostprocessing = 0;
		};
/* End PBXResourcesBuildPhase section */

/* Begin PBXSourcesBuildPhase section */
		C522A85825FC55BB0006F567 /* Sources */ = {
			isa = PBXSourcesBuildPhase;
			buildActionMask = 2147483647;
			files = (
				C522A86025FC55BB0006F567 /* AppDelegate.swift in Sources */,
				C522A89B25FC5E8E0006F567 /* Color.swift in Sources */,
				C522A89625FC56910006F567 /* ColorsViewController.swift in Sources */,
				C522A86225FC55BB0006F567 /* SceneDelegate.swift in Sources */,
			);
			runOnlyForDeploymentPostprocessing = 0;
		};
		C522A86E25FC55BC0006F567 /* Sources */ = {
			isa = PBXSourcesBuildPhase;
			buildActionMask = 2147483647;
			files = (
				C522A87725FC55BC0006F567 /* ColorsTests.swift in Sources */,
			);
			runOnlyForDeploymentPostprocessing = 0;
		};
		C522A87925FC55BC0006F567 /* Sources */ = {
			isa = PBXSourcesBuildPhase;
			buildActionMask = 2147483647;
			files = (
				C522A88225FC55BC0006F567 /* ColorsUITests.swift in Sources */,
			);
			runOnlyForDeploymentPostprocessing = 0;
		};
/* End PBXSourcesBuildPhase section */

/* Begin PBXTargetDependency section */
		C522A87425FC55BC0006F567 /* PBXTargetDependency */ = {
			isa = PBXTargetDependency;
			target = C522A85B25FC55BB0006F567 /* Colors */;
			targetProxy = C522A87325FC55BC0006F567 /* PBXContainerItemProxy */;
		};
		C522A87F25FC55BC0006F567 /* PBXTargetDependency */ = {
			isa = PBXTargetDependency;
			target = C522A85B25FC55BB0006F567 /* Colors */;
			targetProxy = C522A87E25FC55BC0006F567 /* PBXContainerItemProxy */;
		};
/* End PBXTargetDependency section */

/* Begin PBXVariantGroup section */
		C522A86525FC55BB0006F567 /* Main.storyboard */ = {
			isa = PBXVariantGroup;
			children = (
				C522A86625FC55BB0006F567 /* Base */,
			);
			name = Main.storyboard;
			sourceTree = "<group>";
		};
		C522A86A25FC55BC0006F567 /* LaunchScreen.storyboard */ = {
			isa = PBXVariantGroup;
			children = (
				C522A86B25FC55BC0006F567 /* Base */,
			);
			name = LaunchScreen.storyboard;
			sourceTree = "<group>";
		};
/* End PBXVariantGroup section */

/* Begin XCBuildConfiguration section */
		C522A88425FC55BC0006F567 /* Debug */ = {
			isa = XCBuildConfiguration;
			buildSettings = {
				ALWAYS_SEARCH_USER_PATHS = NO;
				CLANG_ANALYZER_NONNULL = YES;
				CLANG_ANALYZER_NUMBER_OBJECT_CONVERSION = YES_AGGRESSIVE;
				CLANG_CXX_LANGUAGE_STANDARD = "gnu++14";
				CLANG_CXX_LIBRARY = "libc++";
				CLANG_ENABLE_MODULES = YES;
				CLANG_ENABLE_OBJC_ARC = YES;
				CLANG_ENABLE_OBJC_WEAK = YES;
				CLANG_WARN_BLOCK_CAPTURE_AUTORELEASING = YES;
				CLANG_WARN_BOOL_CONVERSION = YES;
				CLANG_WARN_COMMA = YES;
				CLANG_WARN_CONSTANT_CONVERSION = YES;
				CLANG_WARN_DEPRECATED_OBJC_IMPLEMENTATIONS = YES;
				CLANG_WARN_DIRECT_OBJC_ISA_USAGE = YES_ERROR;
				CLANG_WARN_DOCUMENTATION_COMMENTS = YES;
				CLANG_WARN_EMPTY_BODY = YES;
				CLANG_WARN_ENUM_CONVERSION = YES;
				CLANG_WARN_INFINITE_RECURSION = YES;
				CLANG_WARN_INT_CONVERSION = YES;
				CLANG_WARN_NON_LITERAL_NULL_CONVERSION = YES;
				CLANG_WARN_OBJC_IMPLICIT_RETAIN_SELF = YES;
				CLANG_WARN_OBJC_LITERAL_CONVERSION = YES;
				CLANG_WARN_OBJC_ROOT_CLASS = YES_ERROR;
				CLANG_WARN_QUOTED_INCLUDE_IN_FRAMEWORK_HEADER = YES;
				CLANG_WARN_RANGE_LOOP_ANALYSIS = YES;
				CLANG_WARN_STRICT_PROTOTYPES = YES;
				CLANG_WARN_SUSPICIOUS_MOVE = YES;
				CLANG_WARN_UNGUARDED_AVAILABILITY = YES_AGGRESSIVE;
				CLANG_WARN_UNREACHABLE_CODE = YES;
				CLANG_WARN__DUPLICATE_METHOD_MATCH = YES;
				COPY_PHASE_STRIP = NO;
				DEBUG_INFORMATION_FORMAT = dwarf;
				ENABLE_STRICT_OBJC_MSGSEND = YES;
				ENABLE_TESTABILITY = YES;
				GCC_C_LANGUAGE_STANDARD = gnu11;
				GCC_DYNAMIC_NO_PIC = NO;
				GCC_NO_COMMON_BLOCKS = YES;
				GCC_OPTIMIZATION_LEVEL = 0;
				GCC_PREPROCESSOR_DEFINITIONS = (
					"DEBUG=1",
					"$(inherited)",
				);
				GCC_WARN_64_TO_32_BIT_CONVERSION = YES;
				GCC_WARN_ABOUT_RETURN_TYPE = YES_ERROR;
				GCC_WARN_UNDECLARED_SELECTOR = YES;
				GCC_WARN_UNINITIALIZED_AUTOS = YES_AGGRESSIVE;
				GCC_WARN_UNUSED_FUNCTION = YES;
				GCC_WARN_UNUSED_VARIABLE = YES;
				IPHONEOS_DEPLOYMENT_TARGET = 14.4;
				MTL_ENABLE_DEBUG_INFO = INCLUDE_SOURCE;
				MTL_FAST_MATH = YES;
				ONLY_ACTIVE_ARCH = YES;
				SDKROOT = iphoneos;
				SWIFT_ACTIVE_COMPILATION_CONDITIONS = DEBUG;
				SWIFT_OPTIMIZATION_LEVEL = "-Onone";
			};
			name = Debug;
		};
		C522A88525FC55BC0006F567 /* Release */ = {
			isa = XCBuildConfiguration;
			buildSettings = {
				ALWAYS_SEARCH_USER_PATHS = NO;
				CLANG_ANALYZER_NONNULL = YES;
				CLANG_ANALYZER_NUMBER_OBJECT_CONVERSION = YES_AGGRESSIVE;
				CLANG_CXX_LANGUAGE_STANDARD = "gnu++14";
				CLANG_CXX_LIBRARY = "libc++";
				CLANG_ENABLE_MODULES = YES;
				CLANG_ENABLE_OBJC_ARC = YES;
				CLANG_ENABLE_OBJC_WEAK = YES;
				CLANG_WARN_BLOCK_CAPTURE_AUTORELEASING = YES;
				CLANG_WARN_BOOL_CONVERSION = YES;
				CLANG_WARN_COMMA = YES;
				CLANG_WARN_CONSTANT_CONVERSION = YES;
				CLANG_WARN_DEPRECATED_OBJC_IMPLEMENTATIONS = YES;
				CLANG_WARN_DIRECT_OBJC_ISA_USAGE = YES_ERROR;
				CLANG_WARN_DOCUMENTATION_COMMENTS = YES;
				CLANG_WARN_EMPTY_BODY = YES;
				CLANG_WARN_ENUM_CONVERSION = YES;
				CLANG_WARN_INFINITE_RECURSION = YES;
				CLANG_WARN_INT_CONVERSION = YES;
				CLANG_WARN_NON_LITERAL_NULL_CONVERSION = YES;
				CLANG_WARN_OBJC_IMPLICIT_RETAIN_SELF = YES;
				CLANG_WARN_OBJC_LITERAL_CONVERSION = YES;
				CLANG_WARN_OBJC_ROOT_CLASS = YES_ERROR;
				CLANG_WARN_QUOTED_INCLUDE_IN_FRAMEWORK_HEADER = YES;
				CLANG_WARN_RANGE_LOOP_ANALYSIS = YES;
				CLANG_WARN_STRICT_PROTOTYPES = YES;
				CLANG_WARN_SUSPICIOUS_MOVE = YES;
				CLANG_WARN_UNGUARDED_AVAILABILITY = YES_AGGRESSIVE;
				CLANG_WARN_UNREACHABLE_CODE = YES;
				CLANG_WARN__DUPLICATE_METHOD_MATCH = YES;
				COPY_PHASE_STRIP = NO;
				DEBUG_INFORMATION_FORMAT = "dwarf-with-dsym";
				ENABLE_NS_ASSERTIONS = NO;
				ENABLE_STRICT_OBJC_MSGSEND = YES;
				GCC_C_LANGUAGE_STANDARD = gnu11;
				GCC_NO_COMMON_BLOCKS = YES;
				GCC_WARN_64_TO_32_BIT_CONVERSION = YES;
				GCC_WARN_ABOUT_RETURN_TYPE = YES_ERROR;
				GCC_WARN_UNDECLARED_SELECTOR = YES;
				GCC_WARN_UNINITIALIZED_AUTOS = YES_AGGRESSIVE;
				GCC_WARN_UNUSED_FUNCTION = YES;
				GCC_WARN_UNUSED_VARIABLE = YES;
				IPHONEOS_DEPLOYMENT_TARGET = 14.4;
				MTL_ENABLE_DEBUG_INFO = NO;
				MTL_FAST_MATH = YES;
				SDKROOT = iphoneos;
				SWIFT_COMPILATION_MODE = wholemodule;
				SWIFT_OPTIMIZATION_LEVEL = "-O";
				VALIDATE_PRODUCT = YES;
			};
			name = Release;
		};
		C522A88725FC55BC0006F567 /* Debug */ = {
			isa = XCBuildConfiguration;
			buildSettings = {
				ASSETCATALOG_COMPILER_APPICON_NAME = AppIcon;
				ASSETCATALOG_COMPILER_GLOBAL_ACCENT_COLOR_NAME = AccentColor;
				CODE_SIGN_STYLE = Automatic;
				DEVELOPMENT_TEAM = C4U4R9X36F;
				INFOPLIST_FILE = Colors/Info.plist;
				LD_RUNPATH_SEARCH_PATHS = (
					"$(inherited)",
					"@executable_path/Frameworks",
				);
				PRODUCT_BUNDLE_IDENTIFIER = edu.missouri.Colors;
				PRODUCT_NAME = "$(TARGET_NAME)";
				SWIFT_VERSION = 5.0;
				TARGETED_DEVICE_FAMILY = "1,2";
			};
			name = Debug;
		};
		C522A88825FC55BC0006F567 /* Release */ = {
			isa = XCBuildConfiguration;
			buildSettings = {
				ASSETCATALOG_COMPILER_APPICON_NAME = AppIcon;
				ASSETCATALOG_COMPILER_GLOBAL_ACCENT_COLOR_NAME = AccentColor;
				CODE_SIGN_STYLE = Automatic;
				DEVELOPMENT_TEAM = C4U4R9X36F;
				INFOPLIST_FILE = Colors/Info.plist;
				LD_RUNPATH_SEARCH_PATHS = (
					"$(inherited)",
					"@executable_path/Frameworks",
				);
				PRODUCT_BUNDLE_IDENTIFIER = edu.missouri.Colors;
				PRODUCT_NAME = "$(TARGET_NAME)";
				SWIFT_VERSION = 5.0;
				TARGETED_DEVICE_FAMILY = "1,2";
			};
			name = Release;
		};
		C522A88A25FC55BC0006F567 /* Debug */ = {
			isa = XCBuildConfiguration;
			buildSettings = {
				ALWAYS_EMBED_SWIFT_STANDARD_LIBRARIES = YES;
				BUNDLE_LOADER = "$(TEST_HOST)";
				CODE_SIGN_STYLE = Automatic;
				DEVELOPMENT_TEAM = C4U4R9X36F;
				INFOPLIST_FILE = ColorsTests/Info.plist;
				IPHONEOS_DEPLOYMENT_TARGET = 14.4;
				LD_RUNPATH_SEARCH_PATHS = (
					"$(inherited)",
					"@executable_path/Frameworks",
					"@loader_path/Frameworks",
				);
				PRODUCT_BUNDLE_IDENTIFIER = edu.missouri.ColorsTests;
				PRODUCT_NAME = "$(TARGET_NAME)";
				SWIFT_VERSION = 5.0;
				TARGETED_DEVICE_FAMILY = "1,2";
				TEST_HOST = "$(BUILT_PRODUCTS_DIR)/Colors.app/Colors";
			};
			name = Debug;
		};
		C522A88B25FC55BC0006F567 /* Release */ = {
			isa = XCBuildConfiguration;
			buildSettings = {
				ALWAYS_EMBED_SWIFT_STANDARD_LIBRARIES = YES;
				BUNDLE_LOADER = "$(TEST_HOST)";
				CODE_SIGN_STYLE = Automatic;
				DEVELOPMENT_TEAM = C4U4R9X36F;
				INFOPLIST_FILE = ColorsTests/Info.plist;
				IPHONEOS_DEPLOYMENT_TARGET = 14.4;
				LD_RUNPATH_SEARCH_PATHS = (
					"$(inherited)",
					"@executable_path/Frameworks",
					"@loader_path/Frameworks",
				);
				PRODUCT_BUNDLE_IDENTIFIER = edu.missouri.ColorsTests;
				PRODUCT_NAME = "$(TARGET_NAME)";
				SWIFT_VERSION = 5.0;
				TARGETED_DEVICE_FAMILY = "1,2";
				TEST_HOST = "$(BUILT_PRODUCTS_DIR)/Colors.app/Colors";
			};
			name = Release;
		};
		C522A88D25FC55BC0006F567 /* Debug */ = {
			isa = XCBuildConfiguration;
			buildSettings = {
				ALWAYS_EMBED_SWIFT_STANDARD_LIBRARIES = YES;
				CODE_SIGN_STYLE = Automatic;
				DEVELOPMENT_TEAM = C4U4R9X36F;
				INFOPLIST_FILE = ColorsUITests/Info.plist;
				LD_RUNPATH_SEARCH_PATHS = (
					"$(inherited)",
					"@executable_path/Frameworks",
					"@loader_path/Frameworks",
				);
				PRODUCT_BUNDLE_IDENTIFIER = edu.missouri.ColorsUITests;
				PRODUCT_NAME = "$(TARGET_NAME)";
				SWIFT_VERSION = 5.0;
				TARGETED_DEVICE_FAMILY = "1,2";
				TEST_TARGET_NAME = Colors;
			};
			name = Debug;
		};
		C522A88E25FC55BC0006F567 /* Release */ = {
			isa = XCBuildConfiguration;
			buildSettings = {
				ALWAYS_EMBED_SWIFT_STANDARD_LIBRARIES = YES;
				CODE_SIGN_STYLE = Automatic;
				DEVELOPMENT_TEAM = C4U4R9X36F;
				INFOPLIST_FILE = ColorsUITests/Info.plist;
				LD_RUNPATH_SEARCH_PATHS = (
					"$(inherited)",
					"@executable_path/Frameworks",
					"@loader_path/Frameworks",
				);
				PRODUCT_BUNDLE_IDENTIFIER = edu.missouri.ColorsUITests;
				PRODUCT_NAME = "$(TARGET_NAME)";
				SWIFT_VERSION = 5.0;
				TARGETED_DEVICE_FAMILY = "1,2";
				TEST_TARGET_NAME = Colors;
			};
			name = Release;
		};
/* End XCBuildConfiguration section */

/* Begin XCConfigurationList section */
		C522A85725FC55BB0006F567 /* Build configuration list for PBXProject "Colors" */ = {
			isa = XCConfigurationList;
			buildConfigurations = (
				C522A88425FC55BC0006F567 /* Debug */,
				C522A88525FC55BC0006F567 /* Release */,
			);
			defaultConfigurationIsVisible = 0;
			defaultConfigurationName = Release;
		};
		C522A88625FC55BC0006F567 /* Build configuration list for PBXNativeTarget "Colors" */ = {
			isa = XCConfigurationList;
			buildConfigurations = (
				C522A88725FC55BC0006F567 /* Debug */,
				C522A88825FC55BC0006F567 /* Release */,
			);
			defaultConfigurationIsVisible = 0;
			defaultConfigurationName = Release;
		};
		C522A88925FC55BC0006F567 /* Build configuration list for PBXNativeTarget "ColorsTests" */ = {
			isa = XCConfigurationList;
			buildConfigurations = (
				C522A88A25FC55BC0006F567 /* Debug */,
				C522A88B25FC55BC0006F567 /* Release */,
			);
			defaultConfigurationIsVisible = 0;
			defaultConfigurationName = Release;
		};
		C522A88C25FC55BC0006F567 /* Build configuration list for PBXNativeTarget "ColorsUITests" */ = {
			isa = XCConfigurationList;
			buildConfigurations = (
				C522A88D25FC55BC0006F567 /* Debug */,
				C522A88E25FC55BC0006F567 /* Release */,
			);
			defaultConfigurationIsVisible = 0;
			defaultConfigurationName = Release;
		};
/* End XCConfigurationList section */
	};
	rootObject = C522A85425FC55BB0006F567 /* Project object */;
}
